// !$*UTF8*$!
{
	archiveVersion = 1;
	classes = {
	};
	objectVersion = 50;
	objects = {

/* Begin PBXBuildFile section */
		5E533FDE23D98D1000B7078B /* AppDelegate.swift in Sources */ = {isa = PBXBuildFile; fileRef = 5E533FDD23D98D1000B7078B /* AppDelegate.swift */; };
		5E533FE023D98D1000B7078B /* SceneDelegate.swift in Sources */ = {isa = PBXBuildFile; fileRef = 5E533FDF23D98D1000B7078B /* SceneDelegate.swift */; };
		5E533FE223D98D1000B7078B /* ViewController.swift in Sources */ = {isa = PBXBuildFile; fileRef = 5E533FE123D98D1000B7078B /* ViewController.swift */; };
		5E533FE723D98D1300B7078B /* Assets.xcassets in Resources */ = {isa = PBXBuildFile; fileRef = 5E533FE623D98D1300B7078B /* Assets.xcassets */; };
		5E533FEA23D98D1300B7078B /* LaunchScreen.storyboard in Resources */ = {isa = PBXBuildFile; fileRef = 5E533FE823D98D1300B7078B /* LaunchScreen.storyboard */; };
		5E533FF523D98F4300B7078B /* VideoListViewController.swift in Sources */ = {isa = PBXBuildFile; fileRef = 5E533FF423D98F4300B7078B /* VideoListViewController.swift */; };
		5E533FF723DEE5A700B7078B /* UIView+Ext.swift in Sources */ = {isa = PBXBuildFile; fileRef = 5E533FF623DEE5A700B7078B /* UIView+Ext.swift */; };
		5E533FF923DF5CBE00B7078B /* VideoCell.swift in Sources */ = {isa = PBXBuildFile; fileRef = 5E533FF823DF5CBE00B7078B /* VideoCell.swift */; };
		5E533FFB23E0240E00B7078B /* Video.swift in Sources */ = {isa = PBXBuildFile; fileRef = 5E533FFA23E0240E00B7078B /* Video.swift */; };
		5E533FFD23E0249C00B7078B /* Constants.swift in Sources */ = {isa = PBXBuildFile; fileRef = 5E533FFC23E0249C00B7078B /* Constants.swift */; };
/* End PBXBuildFile section */

/* Begin PBXFileReference section */
		5E533FDA23D98D1000B7078B /* programmaticui-customCell.app */ = {isa = PBXFileReference; explicitFileType = wrapper.application; includeInIndex = 0; path = "programmaticui-customCell.app"; sourceTree = BUILT_PRODUCTS_DIR; };
		5E533FDD23D98D1000B7078B /* AppDelegate.swift */ = {isa = PBXFileReference; lastKnownFileType = sourcecode.swift; path = AppDelegate.swift; sourceTree = "<group>"; };
		5E533FDF23D98D1000B7078B /* SceneDelegate.swift */ = {isa = PBXFileReference; lastKnownFileType = sourcecode.swift; path = SceneDelegate.swift; sourceTree = "<group>"; };
		5E533FE123D98D1000B7078B /* ViewController.swift */ = {isa = PBXFileReference; lastKnownFileType = sourcecode.swift; path = ViewController.swift; sourceTree = "<group>"; };
		5E533FE623D98D1300B7078B /* Assets.xcassets */ = {isa = PBXFileReference; lastKnownFileType = folder.assetcatalog; path = Assets.xcassets; sourceTree = "<group>"; };
		5E533FE923D98D1300B7078B /* Base */ = {isa = PBXFileReference; lastKnownFileType = file.storyboard; name = Base; path = Base.lproj/LaunchScreen.storyboard; sourceTree = "<group>"; };
		5E533FEB23D98D1300B7078B /* Info.plist */ = {isa = PBXFileReference; lastKnownFileType = text.plist.xml; path = Info.plist; sourceTree = "<group>"; };
		5E533FF423D98F4300B7078B /* VideoListViewController.swift */ = {isa = PBXFileReference; lastKnownFileType = sourcecode.swift; path = VideoListViewController.swift; sourceTree = "<group>"; };
		5E533FF623DEE5A700B7078B /* UIView+Ext.swift */ = {isa = PBXFileReference; lastKnownFileType = sourcecode.swift; path = "UIView+Ext.swift"; sourceTree = "<group>"; };
		5E533FF823DF5CBE00B7078B /* VideoCell.swift */ = {isa = PBXFileReference; lastKnownFileType = sourcecode.swift; path = VideoCell.swift; sourceTree = "<group>"; };
		5E533FFA23E0240E00B7078B /* Video.swift */ = {isa = PBXFileReference; lastKnownFileType = sourcecode.swift; path = Video.swift; sourceTree = "<group>"; };
		5E533FFC23E0249C00B7078B /* Constants.swift */ = {isa = PBXFileReference; lastKnownFileType = sourcecode.swift; path = Constants.swift; sourceTree = "<group>"; };
/* End PBXFileReference section */

/* Begin PBXFrameworksBuildPhase section */
		5E533FD723D98D1000B7078B /* Frameworks */ = {
			isa = PBXFrameworksBuildPhase;
			buildActionMask = 2147483647;
			files = (
			);
			runOnlyForDeploymentPostprocessing = 0;
		};
/* End PBXFrameworksBuildPhase section */

/* Begin PBXGroup section */
		5E533FD123D98D1000B7078B = {
			isa = PBXGroup;
			children = (
				5E533FDC23D98D1000B7078B /* programmaticui-customCell */,
				5E533FDB23D98D1000B7078B /* Products */,
			);
			sourceTree = "<group>";
		};
		5E533FDB23D98D1000B7078B /* Products */ = {
			isa = PBXGroup;
			children = (
				5E533FDA23D98D1000B7078B /* programmaticui-customCell.app */,
			);
			name = Products;
			sourceTree = "<group>";
		};
		5E533FDC23D98D1000B7078B /* programmaticui-customCell */ = {
			isa = PBXGroup;
			children = (
				5E533FF323D98EF400B7078B /* Supporting */,
				5E533FF223D98EE700B7078B /* Utilities */,
				5E533FF123D98EDD00B7078B /* Model */,
				5E533FDD23D98D1000B7078B /* AppDelegate.swift */,
				5E533FDF23D98D1000B7078B /* SceneDelegate.swift */,
				5E533FE123D98D1000B7078B /* ViewController.swift */,
				5E533FE623D98D1300B7078B /* Assets.xcassets */,
				5E533FE823D98D1300B7078B /* LaunchScreen.storyboard */,
				5E533FEB23D98D1300B7078B /* Info.plist */,
				5E533FF423D98F4300B7078B /* VideoListViewController.swift */,
				5E533FF823DF5CBE00B7078B /* VideoCell.swift */,
			);
			path = "programmaticui-customCell";
			sourceTree = "<group>";
		};
		5E533FF123D98EDD00B7078B /* Model */ = {
			isa = PBXGroup;
			children = (
				5E533FFA23E0240E00B7078B /* Video.swift */,
			);
			path = Model;
			sourceTree = "<group>";
		};
		5E533FF223D98EE700B7078B /* Utilities */ = {
			isa = PBXGroup;
			children = (
				5E533FF623DEE5A700B7078B /* UIView+Ext.swift */,
				5E533FFC23E0249C00B7078B /* Constants.swift */,
			);
			path = Utilities;
			sourceTree = "<group>";
		};
		5E533FF323D98EF400B7078B /* Supporting */ = {
			isa = PBXGroup;
			children = (
			);
			path = Supporting;
			sourceTree = "<group>";
		};
/* End PBXGroup section */

/* Begin PBXNativeTarget section */
		5E533FD923D98D1000B7078B /* programmaticui-customCell */ = {
			isa = PBXNativeTarget;
			buildConfigurationList = 5E533FEE23D98D1300B7078B /* Build configuration list for PBXNativeTarget "programmaticui-customCell" */;
			buildPhases = (
				5E533FD623D98D1000B7078B /* Sources */,
				5E533FD723D98D1000B7078B /* Frameworks */,
				5E533FD823D98D1000B7078B /* Resources */,
			);
			buildRules = (
			);
			dependencies = (
			);
			name = "programmaticui-customCell";
			productName = "programmaticui-customCell";
			productReference = 5E533FDA23D98D1000B7078B /* programmaticui-customCell.app */;
			productType = "com.apple.product-type.application";
		};
/* End PBXNativeTarget section */

/* Begin PBXProject section */
		5E533FD223D98D1000B7078B /* Project object */ = {
			isa = PBXProject;
			attributes = {
				LastSwiftUpdateCheck = 1130;
				LastUpgradeCheck = 1130;
				ORGANIZATIONNAME = "Amit Biswas";
				TargetAttributes = {
					5E533FD923D98D1000B7078B = {
						CreatedOnToolsVersion = 11.3.1;
					};
				};
			};
			buildConfigurationList = 5E533FD523D98D1000B7078B /* Build configuration list for PBXProject "programmaticui-customCell" */;
			compatibilityVersion = "Xcode 9.3";
			developmentRegion = en;
			hasScannedForEncodings = 0;
			knownRegions = (
				en,
				Base,
			);
			mainGroup = 5E533FD123D98D1000B7078B;
			productRefGroup = 5E533FDB23D98D1000B7078B /* Products */;
			projectDirPath = "";
			projectRoot = "";
			targets = (
				5E533FD923D98D1000B7078B /* programmaticui-customCell */,
			);
		};
/* End PBXProject section */

/* Begin PBXResourcesBuildPhase section */
		5E533FD823D98D1000B7078B /* Resources */ = {
			isa = PBXResourcesBuildPhase;
			buildActionMask = 2147483647;
			files = (
				5E533FEA23D98D1300B7078B /* LaunchScreen.storyboard in Resources */,
				5E533FE723D98D1300B7078B /* Assets.xcassets in Resources */,
			);
			runOnlyForDeploymentPostprocessing = 0;
		};
/* End PBXResourcesBuildPhase section */

/* Begin PBXSourcesBuildPhase section */
		5E533FD623D98D1000B7078B /* Sources */ = {
			isa = PBXSourcesBuildPhase;
			buildActionMask = 2147483647;
			files = (
				5E533FE223D98D1000B7078B /* ViewController.swift in Sources */,
				5E533FDE23D98D1000B7078B /* AppDelegate.swift in Sources */,
				5E533FF723DEE5A700B7078B /* UIView+Ext.swift in Sources */,
				5E533FF523D98F4300B7078B /* VideoListViewController.swift in Sources */,
				5E533FE023D98D1000B7078B /* SceneDelegate.swift in Sources */,
				5E533FFB23E0240E00B7078B /* Video.swift in Sources */,
				5E533FF923DF5CBE00B7078B /* VideoCell.swift in Sources */,
				5E533FFD23E0249C00B7078B /* Constants.swift in Sources */,
			);
			runOnlyForDeploymentPostprocessing = 0;
		};
/* End PBXSourcesBuildPhase section */

/* Begin PBXVariantGroup section */
		5E533FE823D98D1300B7078B /* LaunchScreen.storyboard */ = {
			isa = PBXVariantGroup;
			children = (
				5E533FE923D98D1300B7078B /* Base */,
			);
			name = LaunchScreen.storyboard;
			sourceTree = "<group>";
		};
/* End PBXVariantGroup section */

/* Begin XCBuildConfiguration section */
		5E533FEC23D98D1300B7078B /* Debug */ = {
			isa = XCBuildConfiguration;
			buildSettings = {
				ALWAYS_SEARCH_USER_PATHS = NO;
				CLANG_ANALYZER_NONNULL = YES;
				CLANG_ANALYZER_NUMBER_OBJECT_CONVERSION = YES_AGGRESSIVE;
				CLANG_CXX_LANGUAGE_STANDARD = "gnu++14";
				CLANG_CXX_LIBRARY = "libc++";
				CLANG_ENABLE_MODULES = YES;
				CLANG_ENABLE_OBJC_ARC = YES;
				CLANG_ENABLE_OBJC_WEAK = YES;
				CLANG_WARN_BLOCK_CAPTURE_AUTORELEASING = YES;
				CLANG_WARN_BOOL_CONVERSION = YES;
				CLANG_WARN_COMMA = YES;
				CLANG_WARN_CONSTANT_CONVERSION = YES;
				CLANG_WARN_DEPRECATED_OBJC_IMPLEMENTATIONS = YES;
				CLANG_WARN_DIRECT_OBJC_ISA_USAGE = YES_ERROR;
				CLANG_WARN_DOCUMENTATION_COMMENTS = YES;
				CLANG_WARN_EMPTY_BODY = YES;
				CLANG_WARN_ENUM_CONVERSION = YES;
				CLANG_WARN_INFINITE_RECURSION = YES;
				CLANG_WARN_INT_CONVERSION = YES;
				CLANG_WARN_NON_LITERAL_NULL_CONVERSION = YES;
				CLANG_WARN_OBJC_IMPLICIT_RETAIN_SELF = YES;
				CLANG_WARN_OBJC_LITERAL_CONVERSION = YES;
				CLANG_WARN_OBJC_ROOT_CLASS = YES_ERROR;
				CLANG_WARN_RANGE_LOOP_ANALYSIS = YES;
				CLANG_WARN_STRICT_PROTOTYPES = YES;
				CLANG_WARN_SUSPICIOUS_MOVE = YES;
				CLANG_WARN_UNGUARDED_AVAILABILITY = YES_AGGRESSIVE;
				CLANG_WARN_UNREACHABLE_CODE = YES;
				CLANG_WARN__DUPLICATE_METHOD_MATCH = YES;
				COPY_PHASE_STRIP = NO;
				DEBUG_INFORMATION_FORMAT = dwarf;
				ENABLE_STRICT_OBJC_MSGSEND = YES;
				ENABLE_TESTABILITY = YES;
				GCC_C_LANGUAGE_STANDARD = gnu11;
				GCC_DYNAMIC_NO_PIC = NO;
				GCC_NO_COMMON_BLOCKS = YES;
				GCC_OPTIMIZATION_LEVEL = 0;
				GCC_PREPROCESSOR_DEFINITIONS = (
					"DEBUG=1",
					"$(inherited)",
				);
				GCC_WARN_64_TO_32_BIT_CONVERSION = YES;
				GCC_WARN_ABOUT_RETURN_TYPE = YES_ERROR;
				GCC_WARN_UNDECLARED_SELECTOR = YES;
				GCC_WARN_UNINITIALIZED_AUTOS = YES_AGGRESSIVE;
				GCC_WARN_UNUSED_FUNCTION = YES;
				GCC_WARN_UNUSED_VARIABLE = YES;
				IPHONEOS_DEPLOYMENT_TARGET = 13.2;
				MTL_ENABLE_DEBUG_INFO = INCLUDE_SOURCE;
				MTL_FAST_MATH = YES;
				ONLY_ACTIVE_ARCH = YES;
				SDKROOT = iphoneos;
				SWIFT_ACTIVE_COMPILATION_CONDITIONS = DEBUG;
				SWIFT_OPTIMIZATION_LEVEL = "-Onone";
			};
			name = Debug;
		};
		5E533FED23D98D1300B7078B /* Release */ = {
			isa = XCBuildConfiguration;
			buildSettings = {
				ALWAYS_SEARCH_USER_PATHS = NO;
				CLANG_ANALYZER_NONNULL = YES;
				CLANG_ANALYZER_NUMBER_OBJECT_CONVERSION = YES_AGGRESSIVE;
				CLANG_CXX_LANGUAGE_STANDARD = "gnu++14";
				CLANG_CXX_LIBRARY = "libc++";
				CLANG_ENABLE_MODULES = YES;
				CLANG_ENABLE_OBJC_ARC = YES;
				CLANG_ENABLE_OBJC_WEAK = YES;
				CLANG_WARN_BLOCK_CAPTURE_AUTORELEASING = YES;
				CLANG_WARN_BOOL_CONVERSION = YES;
				CLANG_WARN_COMMA = YES;
				CLANG_WARN_CONSTANT_CONVERSION = YES;
				CLANG_WARN_DEPRECATED_OBJC_IMPLEMENTATIONS = YES;
				CLANG_WARN_DIRECT_OBJC_ISA_USAGE = YES_ERROR;
				CLANG_WARN_DOCUMENTATION_COMMENTS = YES;
				CLANG_WARN_EMPTY_BODY = YES;
				CLANG_WARN_ENUM_CONVERSION = YES;
				CLANG_WARN_INFINITE_RECURSION = YES;
				CLANG_WARN_INT_CONVERSION = YES;
				CLANG_WARN_NON_LITERAL_NULL_CONVERSION = YES;
				CLANG_WARN_OBJC_IMPLICIT_RETAIN_SELF = YES;
				CLANG_WARN_OBJC_LITERAL_CONVERSION = YES;
				CLANG_WARN_OBJC_ROOT_CLASS = YES_ERROR;
				CLANG_WARN_RANGE_LOOP_ANALYSIS = YES;
				CLANG_WARN_STRICT_PROTOTYPES = YES;
				CLANG_WARN_SUSPICIOUS_MOVE = YES;
				CLANG_WARN_UNGUARDED_AVAILABILITY = YES_AGGRESSIVE;
				CLANG_WARN_UNREACHABLE_CODE = YES;
				CLANG_WARN__DUPLICATE_METHOD_MATCH = YES;
				COPY_PHASE_STRIP = NO;
				DEBUG_INFORMATION_FORMAT = "dwarf-with-dsym";
				ENABLE_NS_ASSERTIONS = NO;
				ENABLE_STRICT_OBJC_MSGSEND = YES;
				GCC_C_LANGUAGE_STANDARD = gnu11;
				GCC_NO_COMMON_BLOCKS = YES;
				GCC_WARN_64_TO_32_BIT_CONVERSION = YES;
				GCC_WARN_ABOUT_RETURN_TYPE = YES_ERROR;
				GCC_WARN_UNDECLARED_SELECTOR = YES;
				GCC_WARN_UNINITIALIZED_AUTOS = YES_AGGRESSIVE;
				GCC_WARN_UNUSED_FUNCTION = YES;
				GCC_WARN_UNUSED_VARIABLE = YES;
				IPHONEOS_DEPLOYMENT_TARGET = 13.2;
				MTL_ENABLE_DEBUG_INFO = NO;
				MTL_FAST_MATH = YES;
				SDKROOT = iphoneos;
				SWIFT_COMPILATION_MODE = wholemodule;
				SWIFT_OPTIMIZATION_LEVEL = "-O";
				VALIDATE_PRODUCT = YES;
			};
			name = Release;
		};
		5E533FEF23D98D1300B7078B /* Debug */ = {
			isa = XCBuildConfiguration;
			buildSettings = {
				ASSETCATALOG_COMPILER_APPICON_NAME = AppIcon;
				CODE_SIGN_STYLE = Automatic;
				DEVELOPMENT_TEAM = 8CW2632N57;
				INFOPLIST_FILE = "programmaticui-customCell/Info.plist";
				LD_RUNPATH_SEARCH_PATHS = (
					"$(inherited)",
					"@executable_path/Frameworks",
				);
				PRODUCT_BUNDLE_IDENTIFIER = "amitbiswas.programmaticui-customCell";
				PRODUCT_NAME = "$(TARGET_NAME)";
				SWIFT_VERSION = 5.0;
				TARGETED_DEVICE_FAMILY = "1,2";
			};
			name = Debug;
		};
		5E533FF023D98D1300B7078B /* Release */ = {
			isa = XCBuildConfiguration;
			buildSettings = {
				ASSETCATALOG_COMPILER_APPICON_NAME = AppIcon;
				CODE_SIGN_STYLE = Automatic;
				DEVELOPMENT_TEAM = 8CW2632N57;
				INFOPLIST_FILE = "programmaticui-customCell/Info.plist";
				LD_RUNPATH_SEARCH_PATHS = (
					"$(inherited)",
					"@executable_path/Frameworks",
				);
				PRODUCT_BUNDLE_IDENTIFIER = "amitbiswas.programmaticui-customCell";
				PRODUCT_NAME = "$(TARGET_NAME)";
				SWIFT_VERSION = 5.0;
				TARGETED_DEVICE_FAMILY = "1,2";
			};
			name = Release;
		};
/* End XCBuildConfiguration section */

/* Begin XCConfigurationList section */
		5E533FD523D98D1000B7078B /* Build configuration list for PBXProject "programmaticui-customCell" */ = {
			isa = XCConfigurationList;
			buildConfigurations = (
				5E533FEC23D98D1300B7078B /* Debug */,
				5E533FED23D98D1300B7078B /* Release */,
			);
			defaultConfigurationIsVisible = 0;
			defaultConfigurationName = Release;
		};
		5E533FEE23D98D1300B7078B /* Build configuration list for PBXNativeTarget "programmaticui-customCell" */ = {
			isa = XCConfigurationList;
			buildConfigurations = (
				5E533FEF23D98D1300B7078B /* Debug */,
				5E533FF023D98D1300B7078B /* Release */,
			);
			defaultConfigurationIsVisible = 0;
			defaultConfigurationName = Release;
		};
/* End XCConfigurationList section */
	};
	rootObject = 5E533FD223D98D1000B7078B /* Project object */;
}
